
Microsoft Visual Studio Solution File, Format Version 12.00
# Visual Studio Version 17
VisualStudioVersion = 17.3.32922.545
MinimumVisualStudioVersion = 10.0.40219.1
Project("{9A19103F-16F7-4668-BE54-9A1E7A4F7556}") = "Singleton", "Singleton\Singleton.csproj", "{8301E5C5-3505-4026-B24E-AB2515DCA05A}"
EndProject
Project("{2150E333-8FDC-42A3-9474-1A3956D46DE8}") = "A-Creational", "A-Creational", "{028D13B6-04EF-4B99-9D6F-4351DFDBA6E2}"
EndProject
Project("{2150E333-8FDC-42A3-9474-1A3956D46DE8}") = "01-Singleton", "01-Singleton", "{25F38D46-5B1C-4521-9E63-2807C2F975C7}"
EndProject
Project("{2150E333-8FDC-42A3-9474-1A3956D46DE8}") = "B-Structural", "B-Structural", "{7BCFF748-E3D0-4FBD-A664-52C12EC497E9}"
EndProject
Project("{2150E333-8FDC-42A3-9474-1A3956D46DE8}") = "C-Behavioral", "C-Behavioral", "{8AF38C02-7FF6-404B-B1B6-617B8FBCCD1F}"
EndProject
Project("{2150E333-8FDC-42A3-9474-1A3956D46DE8}") = "02-FactoryMethod", "02-FactoryMethod", "{E64B571A-F7D5-40AA-AFD3-8BD6F7EC1BB4}"
EndProject
Project("{FAE04EC0-301F-11D3-BF4B-00C04F79EFBC}") = "FactoryMethod", "FactoryMethod\FactoryMethod.csproj", "{77A6267C-87E3-407E-9822-8734C0EDAC92}"
EndProject
Project("{2150E333-8FDC-42A3-9474-1A3956D46DE8}") = "03-AbstractFactory", "03-AbstractFactory", "{6D86903F-7EA6-46F7-8BCC-E9D545959FD1}"
EndProject
Project("{FAE04EC0-301F-11D3-BF4B-00C04F79EFBC}") = "AbstractFactory", "AbstractFactory\AbstractFactory.csproj", "{AE37B903-385C-495A-87B3-B6FD1469F905}"
EndProject
Project("{2150E333-8FDC-42A3-9474-1A3956D46DE8}") = "04-Builder", "04-Builder", "{4DF49C69-285C-48B4-885F-A04FB04084AB}"
EndProject
Project("{FAE04EC0-301F-11D3-BF4B-00C04F79EFBC}") = "Builder", "Builder\Builder.csproj", "{070994BF-5C2D-4567-B3F2-29A3F8FD3E98}"
EndProject
Project("{2150E333-8FDC-42A3-9474-1A3956D46DE8}") = "05-Prototype", "05-Prototype", "{8F4D8FE6-D2A6-456C-9D88-410097612FB2}"
EndProject
Project("{FAE04EC0-301F-11D3-BF4B-00C04F79EFBC}") = "Prototype", "Prototype\Prototype.csproj", "{265C6D36-EC53-4B1C-9534-72CC4F260465}"
EndProject
Project("{2150E333-8FDC-42A3-9474-1A3956D46DE8}") = "06-Adapter", "06-Adapter", "{82190348-B6FC-4B19-AAF1-57BC200D185C}"
EndProject
Project("{FAE04EC0-301F-11D3-BF4B-00C04F79EFBC}") = "Adapter", "Adapter\Adapter.csproj", "{1F2A756C-FA30-4821-86D2-711015BAAD8C}"
EndProject
Project("{2150E333-8FDC-42A3-9474-1A3956D46DE8}") = "07-Bridge", "07-Bridge", "{9409C4F7-A15C-4B68-A7EA-D4B0B3193DE3}"
EndProject
Project("{FAE04EC0-301F-11D3-BF4B-00C04F79EFBC}") = "Bridge", "Bridge\Bridge.csproj", "{A9A127A7-9BCA-4323-96D3-DCDF10964EA3}"
EndProject
Project("{2150E333-8FDC-42A3-9474-1A3956D46DE8}") = "08-Decorator", "08-Decorator", "{7584D82E-17A7-4144-890B-B7B9A878E293}"
EndProject
Project("{FAE04EC0-301F-11D3-BF4B-00C04F79EFBC}") = "Decorator", "Decorator\Decorator.csproj", "{55E98629-68CC-4866-A017-80D590F2A730}"
EndProject
Project("{2150E333-8FDC-42A3-9474-1A3956D46DE8}") = "09-Composite", "09-Composite", "{E0081652-8042-45E2-A0D3-6D6C2EC4E393}"
EndProject
Project("{FAE04EC0-301F-11D3-BF4B-00C04F79EFBC}") = "Composite", "Composite\Composite.csproj", "{17EEC4D3-4E17-4B95-BA69-7402113EE839}"
EndProject
Project("{2150E333-8FDC-42A3-9474-1A3956D46DE8}") = "10-Facade", "10-Facade", "{7B211A5E-6A1C-49A3-B1A0-A1F332CA2452}"
EndProject
Project("{FAE04EC0-301F-11D3-BF4B-00C04F79EFBC}") = "Facade", "Facade\Facade.csproj", "{645C9883-282E-403C-8764-1B617A536D16}"
EndProject
Project("{2150E333-8FDC-42A3-9474-1A3956D46DE8}") = "11-Proxy", "11-Proxy", "{9A162B23-4F19-45ED-8383-1406B2CC1609}"
EndProject
Project("{FAE04EC0-301F-11D3-BF4B-00C04F79EFBC}") = "Proxy", "Proxy\Proxy.csproj", "{B45236CF-EEC8-4C86-B803-83E47A33B8C2}"
EndProject
Project("{2150E333-8FDC-42A3-9474-1A3956D46DE8}") = "12-Flyweight", "12-Flyweight", "{1867C407-AE30-47DC-A32F-91A0EC84DAB6}"
EndProject
Project("{FAE04EC0-301F-11D3-BF4B-00C04F79EFBC}") = "Flyweight", "Flyweight\Flyweight.csproj", "{B3705B3B-A161-4309-B1BC-8CFCB700D285}"
EndProject
Project("{2150E333-8FDC-42A3-9474-1A3956D46DE8}") = "13-Template Method", "13-Template Method", "{7B001F98-B59B-4964-84C1-68B4EA2184B9}"
EndProject
Project("{2150E333-8FDC-42A3-9474-1A3956D46DE8}") = "14-Strategy", "14-Strategy", "{6923317A-8AE3-46E4-955C-E31743482835}"
EndProject
Project("{2150E333-8FDC-42A3-9474-1A3956D46DE8}") = "15-Command", "15-Command", "{5540E3FD-7545-49BF-B9B4-3226935A6190}"
EndProject
Project("{2150E333-8FDC-42A3-9474-1A3956D46DE8}") = "16-Memento", "16-Memento", "{7BC74A1A-E2D7-4B27-8388-9ECDF2776356}"
EndProject
Project("{2150E333-8FDC-42A3-9474-1A3956D46DE8}") = "17-Mediator", "17-Mediator", "{5A9900A7-A5A1-4112-A7D0-BEFB1CD0A65C}"
EndProject
Project("{2150E333-8FDC-42A3-9474-1A3956D46DE8}") = "18-Chain of Responsibility", "18-Chain of Responsibility", "{C4CCA7F9-DDB5-40F9-9B4E-C198694C6508}"
EndProject
Project("{2150E333-8FDC-42A3-9474-1A3956D46DE8}") = "19-Observer", "19-Observer", "{EFE61FC9-5CC4-4721-8BB4-2AE6107B5F2E}"
EndProject
Project("{2150E333-8FDC-42A3-9474-1A3956D46DE8}") = "20-State", "20-State", "{6A0BA57C-2E9B-4394-8766-3BFABE789ADD}"
EndProject
Project("{2150E333-8FDC-42A3-9474-1A3956D46DE8}") = "21-Iterator", "21-Iterator", "{072436F0-6316-4B8F-90DE-F122FCA35701}"
EndProject
Project("{2150E333-8FDC-42A3-9474-1A3956D46DE8}") = "22-Visitor", "22-Visitor", "{3506A6CA-23EA-429F-AF81-77A20F7E270E}"
EndProject
Project("{2150E333-8FDC-42A3-9474-1A3956D46DE8}") = "23-Interpreter", "23-Interpreter", "{A3E7B8CF-C6B9-419F-9BAF-03B5845AEECE}"
EndProject
Project("{FAE04EC0-301F-11D3-BF4B-00C04F79EFBC}") = "TemplateMethod", "Template\TemplateMethod.csproj", "{DEBE10C2-E20D-4A74-9206-274BE4BE3019}"
EndProject
Project("{FAE04EC0-301F-11D3-BF4B-00C04F79EFBC}") = "Strategy", "Strategy\Strategy.csproj", "{04828752-D785-4325-9FE9-AEB2EEB75D4E}"
EndProject
Project("{FAE04EC0-301F-11D3-BF4B-00C04F79EFBC}") = "Command", "Command\Command.csproj", "{5DC828BB-E5DF-40EF-9DC2-B94C0CE061E0}"
EndProject
Project("{FAE04EC0-301F-11D3-BF4B-00C04F79EFBC}") = "Memento", "Memento\Memento.csproj", "{37006A7A-C8E4-48D4-A0BA-1ACC90E20DD0}"
EndProject
Project("{FAE04EC0-301F-11D3-BF4B-00C04F79EFBC}") = "Mediator", "Mediator\Mediator.csproj", "{7449DE8A-4FC2-4FCA-B86A-715B946025C1}"
EndProject
Project("{FAE04EC0-301F-11D3-BF4B-00C04F79EFBC}") = "ChainOfResponsibility", "ChainOfResponsibility\ChainOfResponsibility.csproj", "{B3A23E56-FE0A-4D6F-93DD-118C7656044C}"
EndProject
Project("{FAE04EC0-301F-11D3-BF4B-00C04F79EFBC}") = "Observer", "Observer\Observer.csproj", "{B6D1843F-E3ED-4112-8BFE-F2546F5AAB7C}"
EndProject
Project("{FAE04EC0-301F-11D3-BF4B-00C04F79EFBC}") = "State", "State\State.csproj", "{FFBCCAC1-8329-47D7-8DFC-E2396D194D3D}"
EndProject
Project("{FAE04EC0-301F-11D3-BF4B-00C04F79EFBC}") = "Iterator", "Iterator\Iterator.csproj", "{53F9A7B3-9672-4615-9A1F-2C46F3A6F6A5}"
EndProject
Project("{FAE04EC0-301F-11D3-BF4B-00C04F79EFBC}") = "Visitor", "Visitor\Visitor.csproj", "{18490CE0-8001-4D4E-9129-3EEB23AA53E6}"
EndProject
Project("{FAE04EC0-301F-11D3-BF4B-00C04F79EFBC}") = "Interpreter", "Interpreter\Interpreter.csproj", "{9A447DDF-07E5-4844-BD63-E594D2EA6971}"
EndProject
Global
	GlobalSection(SolutionConfigurationPlatforms) = preSolution
		Debug|Any CPU = Debug|Any CPU
		Release|Any CPU = Release|Any CPU
	EndGlobalSection
	GlobalSection(ProjectConfigurationPlatforms) = postSolution
		{8301E5C5-3505-4026-B24E-AB2515DCA05A}.Debug|Any CPU.ActiveCfg = Debug|Any CPU
		{8301E5C5-3505-4026-B24E-AB2515DCA05A}.Debug|Any CPU.Build.0 = Debug|Any CPU
		{8301E5C5-3505-4026-B24E-AB2515DCA05A}.Release|Any CPU.ActiveCfg = Release|Any CPU
		{8301E5C5-3505-4026-B24E-AB2515DCA05A}.Release|Any CPU.Build.0 = Release|Any CPU
		{77A6267C-87E3-407E-9822-8734C0EDAC92}.Debug|Any CPU.ActiveCfg = Debug|Any CPU
		{77A6267C-87E3-407E-9822-8734C0EDAC92}.Debug|Any CPU.Build.0 = Debug|Any CPU
		{77A6267C-87E3-407E-9822-8734C0EDAC92}.Release|Any CPU.ActiveCfg = Release|Any CPU
		{77A6267C-87E3-407E-9822-8734C0EDAC92}.Release|Any CPU.Build.0 = Release|Any CPU
		{AE37B903-385C-495A-87B3-B6FD1469F905}.Debug|Any CPU.ActiveCfg = Debug|Any CPU
		{AE37B903-385C-495A-87B3-B6FD1469F905}.Debug|Any CPU.Build.0 = Debug|Any CPU
		{AE37B903-385C-495A-87B3-B6FD1469F905}.Release|Any CPU.ActiveCfg = Release|Any CPU
		{AE37B903-385C-495A-87B3-B6FD1469F905}.Release|Any CPU.Build.0 = Release|Any CPU
		{070994BF-5C2D-4567-B3F2-29A3F8FD3E98}.Debug|Any CPU.ActiveCfg = Debug|Any CPU
		{070994BF-5C2D-4567-B3F2-29A3F8FD3E98}.Debug|Any CPU.Build.0 = Debug|Any CPU
		{070994BF-5C2D-4567-B3F2-29A3F8FD3E98}.Release|Any CPU.ActiveCfg = Release|Any CPU
		{070994BF-5C2D-4567-B3F2-29A3F8FD3E98}.Release|Any CPU.Build.0 = Release|Any CPU
		{265C6D36-EC53-4B1C-9534-72CC4F260465}.Debug|Any CPU.ActiveCfg = Debug|Any CPU
		{265C6D36-EC53-4B1C-9534-72CC4F260465}.Debug|Any CPU.Build.0 = Debug|Any CPU
		{265C6D36-EC53-4B1C-9534-72CC4F260465}.Release|Any CPU.ActiveCfg = Release|Any CPU
		{265C6D36-EC53-4B1C-9534-72CC4F260465}.Release|Any CPU.Build.0 = Release|Any CPU
		{1F2A756C-FA30-4821-86D2-711015BAAD8C}.Debug|Any CPU.ActiveCfg = Debug|Any CPU
		{1F2A756C-FA30-4821-86D2-711015BAAD8C}.Debug|Any CPU.Build.0 = Debug|Any CPU
		{1F2A756C-FA30-4821-86D2-711015BAAD8C}.Release|Any CPU.ActiveCfg = Release|Any CPU
		{1F2A756C-FA30-4821-86D2-711015BAAD8C}.Release|Any CPU.Build.0 = Release|Any CPU
		{A9A127A7-9BCA-4323-96D3-DCDF10964EA3}.Debug|Any CPU.ActiveCfg = Debug|Any CPU
		{A9A127A7-9BCA-4323-96D3-DCDF10964EA3}.Debug|Any CPU.Build.0 = Debug|Any CPU
		{A9A127A7-9BCA-4323-96D3-DCDF10964EA3}.Release|Any CPU.ActiveCfg = Release|Any CPU
		{A9A127A7-9BCA-4323-96D3-DCDF10964EA3}.Release|Any CPU.Build.0 = Release|Any CPU
		{55E98629-68CC-4866-A017-80D590F2A730}.Debug|Any CPU.ActiveCfg = Debug|Any CPU
		{55E98629-68CC-4866-A017-80D590F2A730}.Debug|Any CPU.Build.0 = Debug|Any CPU
		{55E98629-68CC-4866-A017-80D590F2A730}.Release|Any CPU.ActiveCfg = Release|Any CPU
		{55E98629-68CC-4866-A017-80D590F2A730}.Release|Any CPU.Build.0 = Release|Any CPU
		{17EEC4D3-4E17-4B95-BA69-7402113EE839}.Debug|Any CPU.ActiveCfg = Debug|Any CPU
		{17EEC4D3-4E17-4B95-BA69-7402113EE839}.Debug|Any CPU.Build.0 = Debug|Any CPU
		{17EEC4D3-4E17-4B95-BA69-7402113EE839}.Release|Any CPU.ActiveCfg = Release|Any CPU
		{17EEC4D3-4E17-4B95-BA69-7402113EE839}.Release|Any CPU.Build.0 = Release|Any CPU
		{645C9883-282E-403C-8764-1B617A536D16}.Debug|Any CPU.ActiveCfg = Debug|Any CPU
		{645C9883-282E-403C-8764-1B617A536D16}.Debug|Any CPU.Build.0 = Debug|Any CPU
		{645C9883-282E-403C-8764-1B617A536D16}.Release|Any CPU.ActiveCfg = Release|Any CPU
		{645C9883-282E-403C-8764-1B617A536D16}.Release|Any CPU.Build.0 = Release|Any CPU
		{B45236CF-EEC8-4C86-B803-83E47A33B8C2}.Debug|Any CPU.ActiveCfg = Debug|Any CPU
		{B45236CF-EEC8-4C86-B803-83E47A33B8C2}.Debug|Any CPU.Build.0 = Debug|Any CPU
		{B45236CF-EEC8-4C86-B803-83E47A33B8C2}.Release|Any CPU.ActiveCfg = Release|Any CPU
		{B45236CF-EEC8-4C86-B803-83E47A33B8C2}.Release|Any CPU.Build.0 = Release|Any CPU
		{B3705B3B-A161-4309-B1BC-8CFCB700D285}.Debug|Any CPU.ActiveCfg = Debug|Any CPU
		{B3705B3B-A161-4309-B1BC-8CFCB700D285}.Debug|Any CPU.Build.0 = Debug|Any CPU
		{B3705B3B-A161-4309-B1BC-8CFCB700D285}.Release|Any CPU.ActiveCfg = Release|Any CPU
		{B3705B3B-A161-4309-B1BC-8CFCB700D285}.Release|Any CPU.Build.0 = Release|Any CPU
		{DEBE10C2-E20D-4A74-9206-274BE4BE3019}.Debug|Any CPU.ActiveCfg = Debug|Any CPU
		{DEBE10C2-E20D-4A74-9206-274BE4BE3019}.Debug|Any CPU.Build.0 = Debug|Any CPU
		{DEBE10C2-E20D-4A74-9206-274BE4BE3019}.Release|Any CPU.ActiveCfg = Release|Any CPU
		{DEBE10C2-E20D-4A74-9206-274BE4BE3019}.Release|Any CPU.Build.0 = Release|Any CPU
		{04828752-D785-4325-9FE9-AEB2EEB75D4E}.Debug|Any CPU.ActiveCfg = Debug|Any CPU
		{04828752-D785-4325-9FE9-AEB2EEB75D4E}.Debug|Any CPU.Build.0 = Debug|Any CPU
		{04828752-D785-4325-9FE9-AEB2EEB75D4E}.Release|Any CPU.ActiveCfg = Release|Any CPU
		{04828752-D785-4325-9FE9-AEB2EEB75D4E}.Release|Any CPU.Build.0 = Release|Any CPU
		{5DC828BB-E5DF-40EF-9DC2-B94C0CE061E0}.Debug|Any CPU.ActiveCfg = Debug|Any CPU
		{5DC828BB-E5DF-40EF-9DC2-B94C0CE061E0}.Debug|Any CPU.Build.0 = Debug|Any CPU
		{5DC828BB-E5DF-40EF-9DC2-B94C0CE061E0}.Release|Any CPU.ActiveCfg = Release|Any CPU
		{5DC828BB-E5DF-40EF-9DC2-B94C0CE061E0}.Release|Any CPU.Build.0 = Release|Any CPU
		{37006A7A-C8E4-48D4-A0BA-1ACC90E20DD0}.Debug|Any CPU.ActiveCfg = Debug|Any CPU
		{37006A7A-C8E4-48D4-A0BA-1ACC90E20DD0}.Debug|Any CPU.Build.0 = Debug|Any CPU
		{37006A7A-C8E4-48D4-A0BA-1ACC90E20DD0}.Release|Any CPU.ActiveCfg = Release|Any CPU
		{37006A7A-C8E4-48D4-A0BA-1ACC90E20DD0}.Release|Any CPU.Build.0 = Release|Any CPU
		{7449DE8A-4FC2-4FCA-B86A-715B946025C1}.Debug|Any CPU.ActiveCfg = Debug|Any CPU
		{7449DE8A-4FC2-4FCA-B86A-715B946025C1}.Debug|Any CPU.Build.0 = Debug|Any CPU
		{7449DE8A-4FC2-4FCA-B86A-715B946025C1}.Release|Any CPU.ActiveCfg = Release|Any CPU
		{7449DE8A-4FC2-4FCA-B86A-715B946025C1}.Release|Any CPU.Build.0 = Release|Any CPU
		{B3A23E56-FE0A-4D6F-93DD-118C7656044C}.Debug|Any CPU.ActiveCfg = Debug|Any CPU
		{B3A23E56-FE0A-4D6F-93DD-118C7656044C}.Debug|Any CPU.Build.0 = Debug|Any CPU
		{B3A23E56-FE0A-4D6F-93DD-118C7656044C}.Release|Any CPU.ActiveCfg = Release|Any CPU
		{B3A23E56-FE0A-4D6F-93DD-118C7656044C}.Release|Any CPU.Build.0 = Release|Any CPU
		{B6D1843F-E3ED-4112-8BFE-F2546F5AAB7C}.Debug|Any CPU.ActiveCfg = Debug|Any CPU
		{B6D1843F-E3ED-4112-8BFE-F2546F5AAB7C}.Debug|Any CPU.Build.0 = Debug|Any CPU
		{B6D1843F-E3ED-4112-8BFE-F2546F5AAB7C}.Release|Any CPU.ActiveCfg = Release|Any CPU
		{B6D1843F-E3ED-4112-8BFE-F2546F5AAB7C}.Release|Any CPU.Build.0 = Release|Any CPU
		{FFBCCAC1-8329-47D7-8DFC-E2396D194D3D}.Debug|Any CPU.ActiveCfg = Debug|Any CPU
		{FFBCCAC1-8329-47D7-8DFC-E2396D194D3D}.Debug|Any CPU.Build.0 = Debug|Any CPU
		{FFBCCAC1-8329-47D7-8DFC-E2396D194D3D}.Release|Any CPU.ActiveCfg = Release|Any CPU
		{FFBCCAC1-8329-47D7-8DFC-E2396D194D3D}.Release|Any CPU.Build.0 = Release|Any CPU
		{53F9A7B3-9672-4615-9A1F-2C46F3A6F6A5}.Debug|Any CPU.ActiveCfg = Debug|Any CPU
		{53F9A7B3-9672-4615-9A1F-2C46F3A6F6A5}.Debug|Any CPU.Build.0 = Debug|Any CPU
		{53F9A7B3-9672-4615-9A1F-2C46F3A6F6A5}.Release|Any CPU.ActiveCfg = Release|Any CPU
		{53F9A7B3-9672-4615-9A1F-2C46F3A6F6A5}.Release|Any CPU.Build.0 = Release|Any CPU
		{18490CE0-8001-4D4E-9129-3EEB23AA53E6}.Debug|Any CPU.ActiveCfg = Debug|Any CPU
		{18490CE0-8001-4D4E-9129-3EEB23AA53E6}.Debug|Any CPU.Build.0 = Debug|Any CPU
		{18490CE0-8001-4D4E-9129-3EEB23AA53E6}.Release|Any CPU.ActiveCfg = Release|Any CPU
		{18490CE0-8001-4D4E-9129-3EEB23AA53E6}.Release|Any CPU.Build.0 = Release|Any CPU
		{9A447DDF-07E5-4844-BD63-E594D2EA6971}.Debug|Any CPU.ActiveCfg = Debug|Any CPU
		{9A447DDF-07E5-4844-BD63-E594D2EA6971}.Debug|Any CPU.Build.0 = Debug|Any CPU
		{9A447DDF-07E5-4844-BD63-E594D2EA6971}.Release|Any CPU.ActiveCfg = Release|Any CPU
		{9A447DDF-07E5-4844-BD63-E594D2EA6971}.Release|Any CPU.Build.0 = Release|Any CPU
	EndGlobalSection
	GlobalSection(SolutionProperties) = preSolution
		HideSolutionNode = FALSE
	EndGlobalSection
	GlobalSection(NestedProjects) = preSolution
		{8301E5C5-3505-4026-B24E-AB2515DCA05A} = {25F38D46-5B1C-4521-9E63-2807C2F975C7}
		{25F38D46-5B1C-4521-9E63-2807C2F975C7} = {028D13B6-04EF-4B99-9D6F-4351DFDBA6E2}
		{E64B571A-F7D5-40AA-AFD3-8BD6F7EC1BB4} = {028D13B6-04EF-4B99-9D6F-4351DFDBA6E2}
		{77A6267C-87E3-407E-9822-8734C0EDAC92} = {E64B571A-F7D5-40AA-AFD3-8BD6F7EC1BB4}
		{6D86903F-7EA6-46F7-8BCC-E9D545959FD1} = {028D13B6-04EF-4B99-9D6F-4351DFDBA6E2}
		{AE37B903-385C-495A-87B3-B6FD1469F905} = {6D86903F-7EA6-46F7-8BCC-E9D545959FD1}
		{4DF49C69-285C-48B4-885F-A04FB04084AB} = {028D13B6-04EF-4B99-9D6F-4351DFDBA6E2}
		{070994BF-5C2D-4567-B3F2-29A3F8FD3E98} = {4DF49C69-285C-48B4-885F-A04FB04084AB}
		{8F4D8FE6-D2A6-456C-9D88-410097612FB2} = {028D13B6-04EF-4B99-9D6F-4351DFDBA6E2}
		{265C6D36-EC53-4B1C-9534-72CC4F260465} = {8F4D8FE6-D2A6-456C-9D88-410097612FB2}
		{82190348-B6FC-4B19-AAF1-57BC200D185C} = {7BCFF748-E3D0-4FBD-A664-52C12EC497E9}
		{1F2A756C-FA30-4821-86D2-711015BAAD8C} = {82190348-B6FC-4B19-AAF1-57BC200D185C}
		{9409C4F7-A15C-4B68-A7EA-D4B0B3193DE3} = {7BCFF748-E3D0-4FBD-A664-52C12EC497E9}
		{A9A127A7-9BCA-4323-96D3-DCDF10964EA3} = {9409C4F7-A15C-4B68-A7EA-D4B0B3193DE3}
		{7584D82E-17A7-4144-890B-B7B9A878E293} = {7BCFF748-E3D0-4FBD-A664-52C12EC497E9}
		{55E98629-68CC-4866-A017-80D590F2A730} = {7584D82E-17A7-4144-890B-B7B9A878E293}
		{E0081652-8042-45E2-A0D3-6D6C2EC4E393} = {7BCFF748-E3D0-4FBD-A664-52C12EC497E9}
		{17EEC4D3-4E17-4B95-BA69-7402113EE839} = {E0081652-8042-45E2-A0D3-6D6C2EC4E393}
		{7B211A5E-6A1C-49A3-B1A0-A1F332CA2452} = {7BCFF748-E3D0-4FBD-A664-52C12EC497E9}
		{645C9883-282E-403C-8764-1B617A536D16} = {7B211A5E-6A1C-49A3-B1A0-A1F332CA2452}
		{9A162B23-4F19-45ED-8383-1406B2CC1609} = {7BCFF748-E3D0-4FBD-A664-52C12EC497E9}
		{B45236CF-EEC8-4C86-B803-83E47A33B8C2} = {9A162B23-4F19-45ED-8383-1406B2CC1609}
		{1867C407-AE30-47DC-A32F-91A0EC84DAB6} = {7BCFF748-E3D0-4FBD-A664-52C12EC497E9}
		{B3705B3B-A161-4309-B1BC-8CFCB700D285} = {1867C407-AE30-47DC-A32F-91A0EC84DAB6}
		{7B001F98-B59B-4964-84C1-68B4EA2184B9} = {8AF38C02-7FF6-404B-B1B6-617B8FBCCD1F}
		{6923317A-8AE3-46E4-955C-E31743482835} = {8AF38C02-7FF6-404B-B1B6-617B8FBCCD1F}
		{5540E3FD-7545-49BF-B9B4-3226935A6190} = {8AF38C02-7FF6-404B-B1B6-617B8FBCCD1F}
		{7BC74A1A-E2D7-4B27-8388-9ECDF2776356} = {8AF38C02-7FF6-404B-B1B6-617B8FBCCD1F}
		{5A9900A7-A5A1-4112-A7D0-BEFB1CD0A65C} = {8AF38C02-7FF6-404B-B1B6-617B8FBCCD1F}
		{C4CCA7F9-DDB5-40F9-9B4E-C198694C6508} = {8AF38C02-7FF6-404B-B1B6-617B8FBCCD1F}
		{EFE61FC9-5CC4-4721-8BB4-2AE6107B5F2E} = {8AF38C02-7FF6-404B-B1B6-617B8FBCCD1F}
		{6A0BA57C-2E9B-4394-8766-3BFABE789ADD} = {8AF38C02-7FF6-404B-B1B6-617B8FBCCD1F}
		{072436F0-6316-4B8F-90DE-F122FCA35701} = {8AF38C02-7FF6-404B-B1B6-617B8FBCCD1F}
		{3506A6CA-23EA-429F-AF81-77A20F7E270E} = {8AF38C02-7FF6-404B-B1B6-617B8FBCCD1F}
		{A3E7B8CF-C6B9-419F-9BAF-03B5845AEECE} = {8AF38C02-7FF6-404B-B1B6-617B8FBCCD1F}
		{DEBE10C2-E20D-4A74-9206-274BE4BE3019} = {7B001F98-B59B-4964-84C1-68B4EA2184B9}
		{04828752-D785-4325-9FE9-AEB2EEB75D4E} = {6923317A-8AE3-46E4-955C-E31743482835}
		{5DC828BB-E5DF-40EF-9DC2-B94C0CE061E0} = {5540E3FD-7545-49BF-B9B4-3226935A6190}
		{37006A7A-C8E4-48D4-A0BA-1ACC90E20DD0} = {7BC74A1A-E2D7-4B27-8388-9ECDF2776356}
		{7449DE8A-4FC2-4FCA-B86A-715B946025C1} = {5A9900A7-A5A1-4112-A7D0-BEFB1CD0A65C}
		{B3A23E56-FE0A-4D6F-93DD-118C7656044C} = {C4CCA7F9-DDB5-40F9-9B4E-C198694C6508}
		{B6D1843F-E3ED-4112-8BFE-F2546F5AAB7C} = {EFE61FC9-5CC4-4721-8BB4-2AE6107B5F2E}
		{FFBCCAC1-8329-47D7-8DFC-E2396D194D3D} = {6A0BA57C-2E9B-4394-8766-3BFABE789ADD}
		{53F9A7B3-9672-4615-9A1F-2C46F3A6F6A5} = {072436F0-6316-4B8F-90DE-F122FCA35701}
		{18490CE0-8001-4D4E-9129-3EEB23AA53E6} = {3506A6CA-23EA-429F-AF81-77A20F7E270E}
		{9A447DDF-07E5-4844-BD63-E594D2EA6971} = {A3E7B8CF-C6B9-419F-9BAF-03B5845AEECE}
	EndGlobalSection
	GlobalSection(ExtensibilityGlobals) = postSolution
		SolutionGuid = {EEAAFCE3-97A5-4819-8FFE-013EA831A279}
	EndGlobalSection
EndGlobal
